
Microsoft Visual Studio Solution File, Format Version 12.00
# Visual Studio 14
VisualStudioVersion = 14.0.25420.1
MinimumVisualStudioVersion = 10.0.40219.1
Project("{FAE04EC0-301F-11D3-BF4B-00C04F79EFBC}") = "ArchExample.Common", "ArchExample.Common\ArchExample.Common.csproj", "{D1F1166F-497D-4732-B760-99D216A8B6AE}"
EndProject
Project("{FAE04EC0-301F-11D3-BF4B-00C04F79EFBC}") = "ArchExample.Repository", "ArchExample.Repository\ArchExample.Repository.csproj", "{F04E5742-409D-4144-8787-73C37327AF7C}"
EndProject
Project("{FAE04EC0-301F-11D3-BF4B-00C04F79EFBC}") = "ArchExample.Domain", "ArchExample.Domain\ArchExample.Domain.csproj", "{F79E4CAA-DE20-4E45-B68A-FEA69DCEA738}"
EndProject
Project("{00D1A9C2-B5F0-4AF3-8072-F6C62B433612}") = "ArchExample.Database", "ArchExample.Database\ArchExample.Database.sqlproj", "{9DBB19E6-2FA4-4147-82CC-B004FAD754ED}"
EndProject
Project("{FAE04EC0-301F-11D3-BF4B-00C04F79EFBC}") = "ArchExample.Services", "ArchExample.Services\ArchExample.Services.csproj", "{A0D53E7E-BFF6-4D0C-AC2A-70BA939C2136}"
EndProject
Project("{2150E333-8FDC-42A3-9474-1A3956D46DE8}") = "Data", "Data", "{E8480D74-EE8C-471A-8F19-127B841513A0}"
EndProject
Project("{2150E333-8FDC-42A3-9474-1A3956D46DE8}") = "Core", "Core", "{FB657051-550C-4A9F-B49E-335574AB7D70}"
EndProject
Project("{FAE04EC0-301F-11D3-BF4B-00C04F79EFBC}") = "ArchExample.Domain.Tests", "ArchExample.Domain.Tests\ArchExample.Domain.Tests.csproj", "{7842FCD5-960A-4FB4-8789-75C4EE499F55}"
EndProject
Project("{FAE04EC0-301F-11D3-BF4B-00C04F79EFBC}") = "ArchExample.Repository.Tests", "ArchExample.Repository.Tests\ArchExample.Repository.Tests.csproj", "{F34547B4-91DA-4841-BEE4-4DBDD0A5A4DB}"
EndProject
Project("{FAE04EC0-301F-11D3-BF4B-00C04F79EFBC}") = "ArchExample.Services.Tests", "ArchExample.Services.Tests\ArchExample.Services.Tests.csproj", "{5D17EF32-D5BE-400A-97F5-BE9D62941600}"
EndProject
Project("{2150E333-8FDC-42A3-9474-1A3956D46DE8}") = "Tests", "Tests", "{D52A6F3F-C3F4-463C-B9B8-FBD49DC0EFC1}"
EndProject
Project("{FAE04EC0-301F-11D3-BF4B-00C04F79EFBC}") = "ArchExample.Config", "ArchExample.Config\ArchExample.Config.csproj", "{8EC3B9E5-ADC8-4AC7-B55A-0A86B8286028}"
EndProject
Project("{FAE04EC0-301F-11D3-BF4B-00C04F79EFBC}") = "ArchExample.Logger", "ArchExample.Logger\ArchExample.Logger.csproj", "{9CA9473C-AD12-43D8-BA43-8A4B603A9B21}"
EndProject
Project("{2150E333-8FDC-42A3-9474-1A3956D46DE8}") = "Helpers", "Helpers", "{1D1CC73D-C62D-4AB0-8447-C91F28DC85D7}"
EndProject
Project("{FAE04EC0-301F-11D3-BF4B-00C04F79EFBC}") = "ArchExample.Mail", "ArchExample.Mail\ArchExample.Mail.csproj", "{FFDD4F3E-3FEF-4ECF-B40D-175D7DE13DCF}"
EndProject
Project("{FAE04EC0-301F-11D3-BF4B-00C04F79EFBC}") = "ArchExample.Tests", "ArchExample.Tests\ArchExample.Tests.csproj", "{5BD19E1E-1D9F-4E5A-A4F0-C34837DB59F6}"
EndProject
Project("{2150E333-8FDC-42A3-9474-1A3956D46DE8}") = "Presentation", "Presentation", "{B3995E7B-2D22-4507-A9D4-8363AA1925F7}"
EndProject
Project("{FAE04EC0-301F-11D3-BF4B-00C04F79EFBC}") = "ArchExample.UI.MVC", "ArchExample.UI.MVC\ArchExample.UI.MVC.csproj", "{2F64A11B-DC3E-4FAD-9969-37072D92851C}"
EndProject
Project("{2150E333-8FDC-42A3-9474-1A3956D46DE8}") = "Application", "Application", "{AB95053C-DEA0-4BB3-981D-352FB6650179}"
EndProject
Project("{2150E333-8FDC-42A3-9474-1A3956D46DE8}") = "Domain", "Domain", "{D830536E-F1E1-4143-A081-5AAFE642F446}"
EndProject
Global
	GlobalSection(SolutionConfigurationPlatforms) = preSolution
		Debug|Any CPU = Debug|Any CPU
		Release|Any CPU = Release|Any CPU
	EndGlobalSection
	GlobalSection(ProjectConfigurationPlatforms) = postSolution
		{D1F1166F-497D-4732-B760-99D216A8B6AE}.Debug|Any CPU.ActiveCfg = Debug|Any CPU
		{D1F1166F-497D-4732-B760-99D216A8B6AE}.Debug|Any CPU.Build.0 = Debug|Any CPU
		{D1F1166F-497D-4732-B760-99D216A8B6AE}.Release|Any CPU.ActiveCfg = Release|Any CPU
		{D1F1166F-497D-4732-B760-99D216A8B6AE}.Release|Any CPU.Build.0 = Release|Any CPU
		{F04E5742-409D-4144-8787-73C37327AF7C}.Debug|Any CPU.ActiveCfg = Debug|Any CPU
		{F04E5742-409D-4144-8787-73C37327AF7C}.Debug|Any CPU.Build.0 = Debug|Any CPU
		{F04E5742-409D-4144-8787-73C37327AF7C}.Release|Any CPU.ActiveCfg = Release|Any CPU
		{F04E5742-409D-4144-8787-73C37327AF7C}.Release|Any CPU.Build.0 = Release|Any CPU
		{F79E4CAA-DE20-4E45-B68A-FEA69DCEA738}.Debug|Any CPU.ActiveCfg = Debug|Any CPU
		{F79E4CAA-DE20-4E45-B68A-FEA69DCEA738}.Debug|Any CPU.Build.0 = Debug|Any CPU
		{F79E4CAA-DE20-4E45-B68A-FEA69DCEA738}.Release|Any CPU.ActiveCfg = Release|Any CPU
		{F79E4CAA-DE20-4E45-B68A-FEA69DCEA738}.Release|Any CPU.Build.0 = Release|Any CPU
		{9DBB19E6-2FA4-4147-82CC-B004FAD754ED}.Debug|Any CPU.ActiveCfg = Debug|Any CPU
		{9DBB19E6-2FA4-4147-82CC-B004FAD754ED}.Debug|Any CPU.Build.0 = Debug|Any CPU
		{9DBB19E6-2FA4-4147-82CC-B004FAD754ED}.Debug|Any CPU.Deploy.0 = Debug|Any CPU
		{9DBB19E6-2FA4-4147-82CC-B004FAD754ED}.Release|Any CPU.ActiveCfg = Release|Any CPU
		{9DBB19E6-2FA4-4147-82CC-B004FAD754ED}.Release|Any CPU.Build.0 = Release|Any CPU
		{9DBB19E6-2FA4-4147-82CC-B004FAD754ED}.Release|Any CPU.Deploy.0 = Release|Any CPU
		{A0D53E7E-BFF6-4D0C-AC2A-70BA939C2136}.Debug|Any CPU.ActiveCfg = Debug|Any CPU
		{A0D53E7E-BFF6-4D0C-AC2A-70BA939C2136}.Debug|Any CPU.Build.0 = Debug|Any CPU
		{A0D53E7E-BFF6-4D0C-AC2A-70BA939C2136}.Release|Any CPU.ActiveCfg = Release|Any CPU
		{A0D53E7E-BFF6-4D0C-AC2A-70BA939C2136}.Release|Any CPU.Build.0 = Release|Any CPU
		{7842FCD5-960A-4FB4-8789-75C4EE499F55}.Debug|Any CPU.ActiveCfg = Debug|Any CPU
		{7842FCD5-960A-4FB4-8789-75C4EE499F55}.Debug|Any CPU.Build.0 = Debug|Any CPU
		{7842FCD5-960A-4FB4-8789-75C4EE499F55}.Release|Any CPU.ActiveCfg = Release|Any CPU
		{7842FCD5-960A-4FB4-8789-75C4EE499F55}.Release|Any CPU.Build.0 = Release|Any CPU
		{F34547B4-91DA-4841-BEE4-4DBDD0A5A4DB}.Debug|Any CPU.ActiveCfg = Debug|Any CPU
		{F34547B4-91DA-4841-BEE4-4DBDD0A5A4DB}.Debug|Any CPU.Build.0 = Debug|Any CPU
		{F34547B4-91DA-4841-BEE4-4DBDD0A5A4DB}.Release|Any CPU.ActiveCfg = Release|Any CPU
		{F34547B4-91DA-4841-BEE4-4DBDD0A5A4DB}.Release|Any CPU.Build.0 = Release|Any CPU
		{5D17EF32-D5BE-400A-97F5-BE9D62941600}.Debug|Any CPU.ActiveCfg = Debug|Any CPU
		{5D17EF32-D5BE-400A-97F5-BE9D62941600}.Debug|Any CPU.Build.0 = Debug|Any CPU
		{5D17EF32-D5BE-400A-97F5-BE9D62941600}.Release|Any CPU.ActiveCfg = Release|Any CPU
		{5D17EF32-D5BE-400A-97F5-BE9D62941600}.Release|Any CPU.Build.0 = Release|Any CPU
		{8EC3B9E5-ADC8-4AC7-B55A-0A86B8286028}.Debug|Any CPU.ActiveCfg = Debug|Any CPU
		{8EC3B9E5-ADC8-4AC7-B55A-0A86B8286028}.Debug|Any CPU.Build.0 = Debug|Any CPU
		{8EC3B9E5-ADC8-4AC7-B55A-0A86B8286028}.Release|Any CPU.ActiveCfg = Release|Any CPU
		{8EC3B9E5-ADC8-4AC7-B55A-0A86B8286028}.Release|Any CPU.Build.0 = Release|Any CPU
		{9CA9473C-AD12-43D8-BA43-8A4B603A9B21}.Debug|Any CPU.ActiveCfg = Debug|Any CPU
		{9CA9473C-AD12-43D8-BA43-8A4B603A9B21}.Debug|Any CPU.Build.0 = Debug|Any CPU
		{9CA9473C-AD12-43D8-BA43-8A4B603A9B21}.Release|Any CPU.ActiveCfg = Release|Any CPU
		{9CA9473C-AD12-43D8-BA43-8A4B603A9B21}.Release|Any CPU.Build.0 = Release|Any CPU
		{FFDD4F3E-3FEF-4ECF-B40D-175D7DE13DCF}.Debug|Any CPU.ActiveCfg = Debug|Any CPU
		{FFDD4F3E-3FEF-4ECF-B40D-175D7DE13DCF}.Debug|Any CPU.Build.0 = Debug|Any CPU
		{FFDD4F3E-3FEF-4ECF-B40D-175D7DE13DCF}.Release|Any CPU.ActiveCfg = Release|Any CPU
		{FFDD4F3E-3FEF-4ECF-B40D-175D7DE13DCF}.Release|Any CPU.Build.0 = Release|Any CPU
		{5BD19E1E-1D9F-4E5A-A4F0-C34837DB59F6}.Debug|Any CPU.ActiveCfg = Debug|Any CPU
		{5BD19E1E-1D9F-4E5A-A4F0-C34837DB59F6}.Debug|Any CPU.Build.0 = Debug|Any CPU
		{5BD19E1E-1D9F-4E5A-A4F0-C34837DB59F6}.Release|Any CPU.ActiveCfg = Release|Any CPU
		{5BD19E1E-1D9F-4E5A-A4F0-C34837DB59F6}.Release|Any CPU.Build.0 = Release|Any CPU
		{2F64A11B-DC3E-4FAD-9969-37072D92851C}.Debug|Any CPU.ActiveCfg = Debug|Any CPU
		{2F64A11B-DC3E-4FAD-9969-37072D92851C}.Debug|Any CPU.Build.0 = Debug|Any CPU
		{2F64A11B-DC3E-4FAD-9969-37072D92851C}.Release|Any CPU.ActiveCfg = Release|Any CPU
		{2F64A11B-DC3E-4FAD-9969-37072D92851C}.Release|Any CPU.Build.0 = Release|Any CPU
	EndGlobalSection
	GlobalSection(SolutionProperties) = preSolution
		HideSolutionNode = FALSE
	EndGlobalSection
	GlobalSection(NestedProjects) = preSolution
		{D1F1166F-497D-4732-B760-99D216A8B6AE} = {FB657051-550C-4A9F-B49E-335574AB7D70}
		{F04E5742-409D-4144-8787-73C37327AF7C} = {E8480D74-EE8C-471A-8F19-127B841513A0}
		{F79E4CAA-DE20-4E45-B68A-FEA69DCEA738} = {D830536E-F1E1-4143-A081-5AAFE642F446}
		{9DBB19E6-2FA4-4147-82CC-B004FAD754ED} = {E8480D74-EE8C-471A-8F19-127B841513A0}
		{A0D53E7E-BFF6-4D0C-AC2A-70BA939C2136} = {AB95053C-DEA0-4BB3-981D-352FB6650179}
		{7842FCD5-960A-4FB4-8789-75C4EE499F55} = {D52A6F3F-C3F4-463C-B9B8-FBD49DC0EFC1}
		{F34547B4-91DA-4841-BEE4-4DBDD0A5A4DB} = {D52A6F3F-C3F4-463C-B9B8-FBD49DC0EFC1}
		{5D17EF32-D5BE-400A-97F5-BE9D62941600} = {D52A6F3F-C3F4-463C-B9B8-FBD49DC0EFC1}
		{8EC3B9E5-ADC8-4AC7-B55A-0A86B8286028} = {FB657051-550C-4A9F-B49E-335574AB7D70}
		{9CA9473C-AD12-43D8-BA43-8A4B603A9B21} = {1D1CC73D-C62D-4AB0-8447-C91F28DC85D7}
		{FFDD4F3E-3FEF-4ECF-B40D-175D7DE13DCF} = {1D1CC73D-C62D-4AB0-8447-C91F28DC85D7}
		{5BD19E1E-1D9F-4E5A-A4F0-C34837DB59F6} = {D52A6F3F-C3F4-463C-B9B8-FBD49DC0EFC1}
		{2F64A11B-DC3E-4FAD-9969-37072D92851C} = {B3995E7B-2D22-4507-A9D4-8363AA1925F7}
	EndGlobalSection
EndGlobal
